
Microsoft Visual Studio Solution File, Format Version 12.00
# Visual Studio Version 17
VisualStudioVersion = 17.2.32630.192
MinimumVisualStudioVersion = 10.0.40219.1
Project("{FAE04EC0-301F-11D3-BF4B-00C04F79EFBC}") = "ExerciciosEstruturaWhile", "ExerciciosEstruturaWhile\ExerciciosEstruturaWhile.csproj", "{44449FC7-88D2-45A7-826C-14E4004465BB}"
EndProject
Global
	GlobalSection(SolutionConfigurationPlatforms) = preSolution
		Debug|Any CPU = Debug|Any CPU
		Release|Any CPU = Release|Any CPU
	EndGlobalSection
	GlobalSection(ProjectConfigurationPlatforms) = postSolution
		{44449FC7-88D2-45A7-826C-14E4004465BB}.Debug|Any CPU.ActiveCfg = Debug|Any CPU
		{44449FC7-88D2-45A7-826C-14E4004465BB}.Debug|Any CPU.Build.0 = Debug|Any CPU
		{44449FC7-88D2-45A7-826C-14E4004465BB}.Release|Any CPU.ActiveCfg = Release|Any CPU
		{44449FC7-88D2-45A7-826C-14E4004465BB}.Release|Any CPU.Build.0 = Release|Any CPU
	EndGlobalSection
	GlobalSection(SolutionProperties) = preSolution
		HideSolutionNode = FALSE
	EndGlobalSection
	GlobalSection(ExtensibilityGlobals) = postSolution
		SolutionGuid = {E8D4585C-7DB6-4C24-B0EF-F954FC01F66D}
	EndGlobalSection
EndGlobal
